// !$*UTF8*$!
{
	archiveVersion = 1;
	classes = {
	};
	objectVersion = 50;
	objects = {

/* Begin PBXBuildFile section */
		B50AB7D4248744CC00771727 /* AppDelegate.m in Sources */ = {isa = PBXBuildFile; fileRef = B50AB7D3248744CC00771727 /* AppDelegate.m */; };
		B50AB7D7248744CC00771727 /* SceneDelegate.m in Sources */ = {isa = PBXBuildFile; fileRef = B50AB7D6248744CC00771727 /* SceneDelegate.m */; };
		B50AB7DA248744CC00771727 /* ViewController.m in Sources */ = {isa = PBXBuildFile; fileRef = B50AB7D9248744CC00771727 /* ViewController.m */; };
		B50AB7DD248744CC00771727 /* Main.storyboard in Resources */ = {isa = PBXBuildFile; fileRef = B50AB7DB248744CC00771727 /* Main.storyboard */; };
		B50AB7DF248744CF00771727 /* Assets.xcassets in Resources */ = {isa = PBXBuildFile; fileRef = B50AB7DE248744CF00771727 /* Assets.xcassets */; };
		B50AB7E2248744CF00771727 /* LaunchScreen.storyboard in Resources */ = {isa = PBXBuildFile; fileRef = B50AB7E0248744CF00771727 /* LaunchScreen.storyboard */; };
		B50AB7E5248744CF00771727 /* main.m in Sources */ = {isa = PBXBuildFile; fileRef = B50AB7E4248744CF00771727 /* main.m */; };
		B50AB7F12487454400771727 /* MLDWXActionSheet.m in Sources */ = {isa = PBXBuildFile; fileRef = B50AB7F02487454400771727 /* MLDWXActionSheet.m */; };
/* End PBXBuildFile section */

/* Begin PBXFileReference section */
		B50AB7CF248744CC00771727 /* MLDWXActionSheet.app */ = {isa = PBXFileReference; explicitFileType = wrapper.application; includeInIndex = 0; path = MLDWXActionSheet.app; sourceTree = BUILT_PRODUCTS_DIR; };
		B50AB7D2248744CC00771727 /* AppDelegate.h */ = {isa = PBXFileReference; lastKnownFileType = sourcecode.c.h; path = AppDelegate.h; sourceTree = "<group>"; };
		B50AB7D3248744CC00771727 /* AppDelegate.m */ = {isa = PBXFileReference; lastKnownFileType = sourcecode.c.objc; path = AppDelegate.m; sourceTree = "<group>"; };
		B50AB7D5248744CC00771727 /* SceneDelegate.h */ = {isa = PBXFileReference; lastKnownFileType = sourcecode.c.h; path = SceneDelegate.h; sourceTree = "<group>"; };
		B50AB7D6248744CC00771727 /* SceneDelegate.m */ = {isa = PBXFileReference; lastKnownFileType = sourcecode.c.objc; path = SceneDelegate.m; sourceTree = "<group>"; };
		B50AB7D8248744CC00771727 /* ViewController.h */ = {isa = PBXFileReference; lastKnownFileType = sourcecode.c.h; path = ViewController.h; sourceTree = "<group>"; };
		B50AB7D9248744CC00771727 /* ViewController.m */ = {isa = PBXFileReference; lastKnownFileType = sourcecode.c.objc; path = ViewController.m; sourceTree = "<group>"; };
		B50AB7DC248744CC00771727 /* Base */ = {isa = PBXFileReference; lastKnownFileType = file.storyboard; name = Base; path = Base.lproj/Main.storyboard; sourceTree = "<group>"; };
		B50AB7DE248744CF00771727 /* Assets.xcassets */ = {isa = PBXFileReference; lastKnownFileType = folder.assetcatalog; path = Assets.xcassets; sourceTree = "<group>"; };
		B50AB7E1248744CF00771727 /* Base */ = {isa = PBXFileReference; lastKnownFileType = file.storyboard; name = Base; path = Base.lproj/LaunchScreen.storyboard; sourceTree = "<group>"; };
		B50AB7E3248744CF00771727 /* Info.plist */ = {isa = PBXFileReference; lastKnownFileType = text.plist.xml; path = Info.plist; sourceTree = "<group>"; };
		B50AB7E4248744CF00771727 /* main.m */ = {isa = PBXFileReference; lastKnownFileType = sourcecode.c.objc; path = main.m; sourceTree = "<group>"; };
		B50AB7EF2487454400771727 /* MLDWXActionSheet.h */ = {isa = PBXFileReference; fileEncoding = 4; lastKnownFileType = sourcecode.c.h; path = MLDWXActionSheet.h; sourceTree = "<group>"; };
		B50AB7F02487454400771727 /* MLDWXActionSheet.m */ = {isa = PBXFileReference; fileEncoding = 4; lastKnownFileType = sourcecode.c.objc; path = MLDWXActionSheet.m; sourceTree = "<group>"; };
/* End PBXFileReference section */

/* Begin PBXFrameworksBuildPhase section */
		B50AB7CC248744CC00771727 /* Frameworks */ = {
			isa = PBXFrameworksBuildPhase;
			buildActionMask = 2147483647;
			files = (
			);
			runOnlyForDeploymentPostprocessing = 0;
		};
/* End PBXFrameworksBuildPhase section */

/* Begin PBXGroup section */
		B50AB7C6248744CC00771727 = {
			isa = PBXGroup;
			children = (
				B50AB7D1248744CC00771727 /* MLDWXActionSheet */,
				B50AB7D0248744CC00771727 /* Products */,
			);
			sourceTree = "<group>";
		};
		B50AB7D0248744CC00771727 /* Products */ = {
			isa = PBXGroup;
			children = (
				B50AB7CF248744CC00771727 /* MLDWXActionSheet.app */,
			);
			name = Products;
			sourceTree = "<group>";
		};
		B50AB7D1248744CC00771727 /* MLDWXActionSheet */ = {
			isa = PBXGroup;
			children = (
				B50AB7EE2487454400771727 /* Resource */,
				B50AB7D2248744CC00771727 /* AppDelegate.h */,
				B50AB7D3248744CC00771727 /* AppDelegate.m */,
				B50AB7D5248744CC00771727 /* SceneDelegate.h */,
				B50AB7D6248744CC00771727 /* SceneDelegate.m */,
				B50AB7D8248744CC00771727 /* ViewController.h */,
				B50AB7D9248744CC00771727 /* ViewController.m */,
				B50AB7DB248744CC00771727 /* Main.storyboard */,
				B50AB7DE248744CF00771727 /* Assets.xcassets */,
				B50AB7E0248744CF00771727 /* LaunchScreen.storyboard */,
				B50AB7E3248744CF00771727 /* Info.plist */,
				B50AB7E4248744CF00771727 /* main.m */,
			);
			path = MLDWXActionSheet;
			sourceTree = "<group>";
		};
		B50AB7EE2487454400771727 /* Resource */ = {
			isa = PBXGroup;
			children = (
				B50AB7EF2487454400771727 /* MLDWXActionSheet.h */,
				B50AB7F02487454400771727 /* MLDWXActionSheet.m */,
			);
			path = Resource;
			sourceTree = "<group>";
		};
/* End PBXGroup section */

/* Begin PBXNativeTarget section */
		B50AB7CE248744CC00771727 /* MLDWXActionSheet */ = {
			isa = PBXNativeTarget;
			buildConfigurationList = B50AB7E8248744CF00771727 /* Build configuration list for PBXNativeTarget "MLDWXActionSheet" */;
			buildPhases = (
				B50AB7CB248744CC00771727 /* Sources */,
				B50AB7CC248744CC00771727 /* Frameworks */,
				B50AB7CD248744CC00771727 /* Resources */,
			);
			buildRules = (
			);
			dependencies = (
			);
			name = MLDWXActionSheet;
			productName = MLDWXActionSheet;
			productReference = B50AB7CF248744CC00771727 /* MLDWXActionSheet.app */;
			productType = "com.apple.product-type.application";
		};
/* End PBXNativeTarget section */

/* Begin PBXProject section */
		B50AB7C7248744CC00771727 /* Project object */ = {
			isa = PBXProject;
			attributes = {
				LastUpgradeCheck = 1150;
				ORGANIZATIONNAME = MoliySDev;
				TargetAttributes = {
					B50AB7CE248744CC00771727 = {
						CreatedOnToolsVersion = 11.5;
					};
				};
			};
			buildConfigurationList = B50AB7CA248744CC00771727 /* Build configuration list for PBXProject "MLDWXActionSheet" */;
			compatibilityVersion = "Xcode 9.3";
			developmentRegion = en;
			hasScannedForEncodings = 0;
			knownRegions = (
				en,
				Base,
			);
			mainGroup = B50AB7C6248744CC00771727;
			productRefGroup = B50AB7D0248744CC00771727 /* Products */;
			projectDirPath = "";
			projectRoot = "";
			targets = (
				B50AB7CE248744CC00771727 /* MLDWXActionSheet */,
			);
		};
/* End PBXProject section */

/* Begin PBXResourcesBuildPhase section */
		B50AB7CD248744CC00771727 /* Resources */ = {
			isa = PBXResourcesBuildPhase;
			buildActionMask = 2147483647;
			files = (
				B50AB7E2248744CF00771727 /* LaunchScreen.storyboard in Resources */,
				B50AB7DF248744CF00771727 /* Assets.xcassets in Resources */,
				B50AB7DD248744CC00771727 /* Main.storyboard in Resources */,
			);
			runOnlyForDeploymentPostprocessing = 0;
		};
/* End PBXResourcesBuildPhase section */

/* Begin PBXSourcesBuildPhase section */
		B50AB7CB248744CC00771727 /* Sources */ = {
			isa = PBXSourcesBuildPhase;
			buildActionMask = 2147483647;
			files = (
				B50AB7DA248744CC00771727 /* ViewController.m in Sources */,
				B50AB7F12487454400771727 /* MLDWXActionSheet.m in Sources */,
				B50AB7D4248744CC00771727 /* AppDelegate.m in Sources */,
				B50AB7E5248744CF00771727 /* main.m in Sources */,
				B50AB7D7248744CC00771727 /* SceneDelegate.m in Sources */,
			);
			runOnlyForDeploymentPostprocessing = 0;
		};
/* End PBXSourcesBuildPhase section */

/* Begin PBXVariantGroup section */
		B50AB7DB248744CC00771727 /* Main.storyboard */ = {
			isa = PBXVariantGroup;
			children = (
				B50AB7DC248744CC00771727 /* Base */,
			);
			name = Main.storyboard;
			sourceTree = "<group>";
		};
		B50AB7E0248744CF00771727 /* LaunchScreen.storyboard */ = {
			isa = PBXVariantGroup;
			children = (
				B50AB7E1248744CF00771727 /* Base */,
			);
			name = LaunchScreen.storyboard;
			sourceTree = "<group>";
		};
/* End PBXVariantGroup section */

/* Begin XCBuildConfiguration section */
		B50AB7E6248744CF00771727 /* Debug */ = {
			isa = XCBuildConfiguration;
			buildSettings = {
				ALWAYS_SEARCH_USER_PATHS = NO;
				CLANG_ANALYZER_NONNULL = YES;
				CLANG_ANALYZER_NUMBER_OBJECT_CONVERSION = YES_AGGRESSIVE;
				CLANG_CXX_LANGUAGE_STANDARD = "gnu++14";
				CLANG_CXX_LIBRARY = "libc++";
				CLANG_ENABLE_MODULES = YES;
				CLANG_ENABLE_OBJC_ARC = YES;
				CLANG_ENABLE_OBJC_WEAK = YES;
				CLANG_WARN_BLOCK_CAPTURE_AUTORELEASING = YES;
				CLANG_WARN_BOOL_CONVERSION = YES;
				CLANG_WARN_COMMA = YES;
				CLANG_WARN_CONSTANT_CONVERSION = YES;
				CLANG_WARN_DEPRECATED_OBJC_IMPLEMENTATIONS = YES;
				CLANG_WARN_DIRECT_OBJC_ISA_USAGE = YES_ERROR;
				CLANG_WARN_DOCUMENTATION_COMMENTS = YES;
				CLANG_WARN_EMPTY_BODY = YES;
				CLANG_WARN_ENUM_CONVERSION = YES;
				CLANG_WARN_INFINITE_RECURSION = YES;
				CLANG_WARN_INT_CONVERSION = YES;
				CLANG_WARN_NON_LITERAL_NULL_CONVERSION = YES;
				CLANG_WARN_OBJC_IMPLICIT_RETAIN_SELF = YES;
				CLANG_WARN_OBJC_LITERAL_CONVERSION = YES;
				CLANG_WARN_OBJC_ROOT_CLASS = YES_ERROR;
				CLANG_WARN_RANGE_LOOP_ANALYSIS = YES;
				CLANG_WARN_STRICT_PROTOTYPES = YES;
				CLANG_WARN_SUSPICIOUS_MOVE = YES;
				CLANG_WARN_UNGUARDED_AVAILABILITY = YES_AGGRESSIVE;
				CLANG_WARN_UNREACHABLE_CODE = YES;
				CLANG_WARN__DUPLICATE_METHOD_MATCH = YES;
				COPY_PHASE_STRIP = NO;
				DEBUG_INFORMATION_FORMAT = dwarf;
				ENABLE_STRICT_OBJC_MSGSEND = YES;
				ENABLE_TESTABILITY = YES;
				GCC_C_LANGUAGE_STANDARD = gnu11;
				GCC_DYNAMIC_NO_PIC = NO;
				GCC_NO_COMMON_BLOCKS = YES;
				GCC_OPTIMIZATION_LEVEL = 0;
				GCC_PREPROCESSOR_DEFINITIONS = (
					"DEBUG=1",
					"$(inherited)",
				);
				GCC_WARN_64_TO_32_BIT_CONVERSION = YES;
				GCC_WARN_ABOUT_RETURN_TYPE = YES_ERROR;
				GCC_WARN_UNDECLARED_SELECTOR = YES;
				GCC_WARN_UNINITIALIZED_AUTOS = YES_AGGRESSIVE;
				GCC_WARN_UNUSED_FUNCTION = YES;
				GCC_WARN_UNUSED_VARIABLE = YES;
				IPHONEOS_DEPLOYMENT_TARGET = 13.5;
				MTL_ENABLE_DEBUG_INFO = INCLUDE_SOURCE;
				MTL_FAST_MATH = YES;
				ONLY_ACTIVE_ARCH = YES;
				SDKROOT = iphoneos;
			};
			name = Debug;
		};
		B50AB7E7248744CF00771727 /* Release */ = {
			isa = XCBuildConfiguration;
			buildSettings = {
				ALWAYS_SEARCH_USER_PATHS = NO;
				CLANG_ANALYZER_NONNULL = YES;
				CLANG_ANALYZER_NUMBER_OBJECT_CONVERSION = YES_AGGRESSIVE;
				CLANG_CXX_LANGUAGE_STANDARD = "gnu++14";
				CLANG_CXX_LIBRARY = "libc++";
				CLANG_ENABLE_MODULES = YES;
				CLANG_ENABLE_OBJC_ARC = YES;
				CLANG_ENABLE_OBJC_WEAK = YES;
				CLANG_WARN_BLOCK_CAPTURE_AUTORELEASING = YES;
				CLANG_WARN_BOOL_CONVERSION = YES;
				CLANG_WARN_COMMA = YES;
				CLANG_WARN_CONSTANT_CONVERSION = YES;
				CLANG_WARN_DEPRECATED_OBJC_IMPLEMENTATIONS = YES;
				CLANG_WARN_DIRECT_OBJC_ISA_USAGE = YES_ERROR;
				CLANG_WARN_DOCUMENTATION_COMMENTS = YES;
				CLANG_WARN_EMPTY_BODY = YES;
				CLANG_WARN_ENUM_CONVERSION = YES;
				CLANG_WARN_INFINITE_RECURSION = YES;
				CLANG_WARN_INT_CONVERSION = YES;
				CLANG_WARN_NON_LITERAL_NULL_CONVERSION = YES;
				CLANG_WARN_OBJC_IMPLICIT_RETAIN_SELF = YES;
				CLANG_WARN_OBJC_LITERAL_CONVERSION = YES;
				CLANG_WARN_OBJC_ROOT_CLASS = YES_ERROR;
				CLANG_WARN_RANGE_LOOP_ANALYSIS = YES;
				CLANG_WARN_STRICT_PROTOTYPES = YES;
				CLANG_WARN_SUSPICIOUS_MOVE = YES;
				CLANG_WARN_UNGUARDED_AVAILABILITY = YES_AGGRESSIVE;
				CLANG_WARN_UNREACHABLE_CODE = YES;
				CLANG_WARN__DUPLICATE_METHOD_MATCH = YES;
				COPY_PHASE_STRIP = NO;
				DEBUG_INFORMATION_FORMAT = "dwarf-with-dsym";
				ENABLE_NS_ASSERTIONS = NO;
				ENABLE_STRICT_OBJC_MSGSEND = YES;
				GCC_C_LANGUAGE_STANDARD = gnu11;
				GCC_NO_COMMON_BLOCKS = YES;
				GCC_WARN_64_TO_32_BIT_CONVERSION = YES;
				GCC_WARN_ABOUT_RETURN_TYPE = YES_ERROR;
				GCC_WARN_UNDECLARED_SELECTOR = YES;
				GCC_WARN_UNINITIALIZED_AUTOS = YES_AGGRESSIVE;
				GCC_WARN_UNUSED_FUNCTION = YES;
				GCC_WARN_UNUSED_VARIABLE = YES;
				IPHONEOS_DEPLOYMENT_TARGET = 13.5;
				MTL_ENABLE_DEBUG_INFO = NO;
				MTL_FAST_MATH = YES;
				SDKROOT = iphoneos;
				VALIDATE_PRODUCT = YES;
			};
			name = Release;
		};
		B50AB7E9248744CF00771727 /* Debug */ = {
			isa = XCBuildConfiguration;
			buildSettings = {
				ASSETCATALOG_COMPILER_APPICON_NAME = AppIcon;
				CODE_SIGN_STYLE = Automatic;
				DEVELOPMENT_TEAM = 4ZHG5259CF;
				INFOPLIST_FILE = MLDWXActionSheet/Info.plist;
				LD_RUNPATH_SEARCH_PATHS = (
					"$(inherited)",
					"@executable_path/Frameworks",
				);
				PRODUCT_BUNDLE_IDENTIFIER = moliy.youngwift.MLDWXActionSheet;
				PRODUCT_NAME = "$(TARGET_NAME)";
				TARGETED_DEVICE_FAMILY = "1,2";
			};
			name = Debug;
		};
		B50AB7EA248744CF00771727 /* Release */ = {
			isa = XCBuildConfiguration;
			buildSettings = {
				ASSETCATALOG_COMPILER_APPICON_NAME = AppIcon;
				CODE_SIGN_STYLE = Automatic;
				DEVELOPMENT_TEAM = 4ZHG5259CF;
				INFOPLIST_FILE = MLDWXActionSheet/Info.plist;
				LD_RUNPATH_SEARCH_PATHS = (
					"$(inherited)",
					"@executable_path/Frameworks",
				);
				PRODUCT_BUNDLE_IDENTIFIER = moliy.youngwift.MLDWXActionSheet;
				PRODUCT_NAME = "$(TARGET_NAME)";
				TARGETED_DEVICE_FAMILY = "1,2";
			};
			name = Release;
		};
/* End XCBuildConfiguration section */

/* Begin XCConfigurationList section */
		B50AB7CA248744CC00771727 /* Build configuration list for PBXProject "MLDWXActionSheet" */ = {
			isa = XCConfigurationList;
			buildConfigurations = (
				B50AB7E6248744CF00771727 /* Debug */,
				B50AB7E7248744CF00771727 /* Release */,
			);
			defaultConfigurationIsVisible = 0;
			defaultConfigurationName = Release;
		};
		B50AB7E8248744CF00771727 /* Build configuration list for PBXNativeTarget "MLDWXActionSheet" */ = {
			isa = XCConfigurationList;
			buildConfigurations = (
				B50AB7E9248744CF00771727 /* Debug */,
				B50AB7EA248744CF00771727 /* Release */,
			);
			defaultConfigurationIsVisible = 0;
			defaultConfigurationName = Release;
		};
/* End XCConfigurationList section */
	};
	rootObject = B50AB7C7248744CC00771727 /* Project object */;
}
